
Microsoft Visual Studio Solution File, Format Version 12.00
Project("{FAE04EC0-301F-11D3-BF4B-00C04F79EFBC}") = "ExprSolve", "ExprSolve\ExprSolve.csproj", "{774BDE5E-CB12-4860-B3DD-4DBA2AFD7F62}"
EndProject
Global
	GlobalSection(SolutionConfigurationPlatforms) = preSolution
		Debug|Any CPU = Debug|Any CPU
		Release|Any CPU = Release|Any CPU
	EndGlobalSection
	GlobalSection(ProjectConfigurationPlatforms) = postSolution
		{774BDE5E-CB12-4860-B3DD-4DBA2AFD7F62}.Debug|Any CPU.ActiveCfg = Debug|Any CPU
		{774BDE5E-CB12-4860-B3DD-4DBA2AFD7F62}.Debug|Any CPU.Build.0 = Debug|Any CPU
		{774BDE5E-CB12-4860-B3DD-4DBA2AFD7F62}.Release|Any CPU.ActiveCfg = Release|Any CPU
		{774BDE5E-CB12-4860-B3DD-4DBA2AFD7F62}.Release|Any CPU.Build.0 = Release|Any CPU
	EndGlobalSection
EndGlobal
